
Microsoft Visual Studio Solution File, Format Version 12.00
# Visual Studio Version 16
VisualStudioVersion = 16.0.29215.179
MinimumVisualStudioVersion = 10.0.40219.1
Project("{FAE04EC0-301F-11D3-BF4B-00C04F79EFBC}") = "HelloWorldProject", "HelloWorldProject\HelloWorldProject.csproj", "{81835851-74D2-4E89-A5A2-238C4A62458F}"
EndProject
Global
	GlobalSection(SolutionConfigurationPlatforms) = preSolution
		Debug|Any CPU = Debug|Any CPU
		Release|Any CPU = Release|Any CPU
	EndGlobalSection
	GlobalSection(ProjectConfigurationPlatforms) = postSolution
		{81835851-74D2-4E89-A5A2-238C4A62458F}.Debug|Any CPU.ActiveCfg = Debug|Any CPU
		{81835851-74D2-4E89-A5A2-238C4A62458F}.Debug|Any CPU.Build.0 = Debug|Any CPU
		{81835851-74D2-4E89-A5A2-238C4A62458F}.Release|Any CPU.ActiveCfg = Release|Any CPU
		{81835851-74D2-4E89-A5A2-238C4A62458F}.Release|Any CPU.Build.0 = Release|Any CPU
	EndGlobalSection
	GlobalSection(SolutionProperties) = preSolution
		HideSolutionNode = FALSE
	EndGlobalSection
	GlobalSection(ExtensibilityGlobals) = postSolution
		SolutionGuid = {9DE3B41F-6B8A-44A6-81EC-29294F0AD205}
	EndGlobalSection
EndGlobal
